// !$*UTF8*$!
{
	archiveVersion = 1;
	classes = {
	};
	objectVersion = 50;
	objects = {

/* Begin PBXBuildFile section */
		2AA9C1B323B79DA400B3E4A4 /* AppDelegate.swift in Sources */ = {isa = PBXBuildFile; fileRef = 2AA9C1B223B79DA400B3E4A4 /* AppDelegate.swift */; };
		2AA9C1B523B79DA400B3E4A4 /* SceneDelegate.swift in Sources */ = {isa = PBXBuildFile; fileRef = 2AA9C1B423B79DA400B3E4A4 /* SceneDelegate.swift */; };
		2AA9C1B723B79DA400B3E4A4 /* ViewController.swift in Sources */ = {isa = PBXBuildFile; fileRef = 2AA9C1B623B79DA400B3E4A4 /* ViewController.swift */; };
		2AA9C1BA23B79DA400B3E4A4 /* Main.storyboard in Resources */ = {isa = PBXBuildFile; fileRef = 2AA9C1B823B79DA400B3E4A4 /* Main.storyboard */; };
		2AA9C1BC23B79DA800B3E4A4 /* Assets.xcassets in Resources */ = {isa = PBXBuildFile; fileRef = 2AA9C1BB23B79DA800B3E4A4 /* Assets.xcassets */; };
		2AA9C1BF23B79DA800B3E4A4 /* LaunchScreen.storyboard in Resources */ = {isa = PBXBuildFile; fileRef = 2AA9C1BD23B79DA800B3E4A4 /* LaunchScreen.storyboard */; };
		2AA9C1CA23B79DA900B3E4A4 /* Briscola_MultiplayerTests.swift in Sources */ = {isa = PBXBuildFile; fileRef = 2AA9C1C923B79DA900B3E4A4 /* Briscola_MultiplayerTests.swift */; };
		2AA9C1D523B79DA900B3E4A4 /* Briscola_MultiplayerUITests.swift in Sources */ = {isa = PBXBuildFile; fileRef = 2AA9C1D423B79DA900B3E4A4 /* Briscola_MultiplayerUITests.swift */; };
		2AA9C1EA23B7A3FD00B3E4A4 /* Card.swift in Sources */ = {isa = PBXBuildFile; fileRef = 2AA9C1E923B7A3FD00B3E4A4 /* Card.swift */; };
		2AA9C1EC23B7A40700B3E4A4 /* Game.swift in Sources */ = {isa = PBXBuildFile; fileRef = 2AA9C1EB23B7A40700B3E4A4 /* Game.swift */; };
		2AA9C1EE23B7A47800B3E4A4 /* Loader.swift in Sources */ = {isa = PBXBuildFile; fileRef = 2AA9C1ED23B7A47800B3E4A4 /* Loader.swift */; };
		2AA9C1F023B7A4F300B3E4A4 /* Handler.swift in Sources */ = {isa = PBXBuildFile; fileRef = 2AA9C1EF23B7A4F300B3E4A4 /* Handler.swift */; };
		2AA9C1F523B7CED400B3E4A4 /* Player.swift in Sources */ = {isa = PBXBuildFile; fileRef = 2AA9C1F423B7CED400B3E4A4 /* Player.swift */; };
/* End PBXBuildFile section */

/* Begin PBXContainerItemProxy section */
		2AA9C1C623B79DA900B3E4A4 /* PBXContainerItemProxy */ = {
			isa = PBXContainerItemProxy;
			containerPortal = 2AA9C1A723B79DA400B3E4A4 /* Project object */;
			proxyType = 1;
			remoteGlobalIDString = 2AA9C1AE23B79DA400B3E4A4;
			remoteInfo = "Briscola-Multiplayer";
		};
		2AA9C1D123B79DA900B3E4A4 /* PBXContainerItemProxy */ = {
			isa = PBXContainerItemProxy;
			containerPortal = 2AA9C1A723B79DA400B3E4A4 /* Project object */;
			proxyType = 1;
			remoteGlobalIDString = 2AA9C1AE23B79DA400B3E4A4;
			remoteInfo = "Briscola-Multiplayer";
		};
/* End PBXContainerItemProxy section */

/* Begin PBXFileReference section */
		2AA9C1AF23B79DA400B3E4A4 /* Briscola-Multiplayer.app */ = {isa = PBXFileReference; explicitFileType = wrapper.application; includeInIndex = 0; path = "Briscola-Multiplayer.app"; sourceTree = BUILT_PRODUCTS_DIR; };
		2AA9C1B223B79DA400B3E4A4 /* AppDelegate.swift */ = {isa = PBXFileReference; lastKnownFileType = sourcecode.swift; path = AppDelegate.swift; sourceTree = "<group>"; };
		2AA9C1B423B79DA400B3E4A4 /* SceneDelegate.swift */ = {isa = PBXFileReference; lastKnownFileType = sourcecode.swift; path = SceneDelegate.swift; sourceTree = "<group>"; };
		2AA9C1B623B79DA400B3E4A4 /* ViewController.swift */ = {isa = PBXFileReference; lastKnownFileType = sourcecode.swift; path = ViewController.swift; sourceTree = "<group>"; };
		2AA9C1B923B79DA400B3E4A4 /* Base */ = {isa = PBXFileReference; lastKnownFileType = file.storyboard; name = Base; path = Base.lproj/Main.storyboard; sourceTree = "<group>"; };
		2AA9C1BB23B79DA800B3E4A4 /* Assets.xcassets */ = {isa = PBXFileReference; lastKnownFileType = folder.assetcatalog; path = Assets.xcassets; sourceTree = "<group>"; };
		2AA9C1BE23B79DA800B3E4A4 /* Base */ = {isa = PBXFileReference; lastKnownFileType = file.storyboard; name = Base; path = Base.lproj/LaunchScreen.storyboard; sourceTree = "<group>"; };
		2AA9C1C023B79DA800B3E4A4 /* Info.plist */ = {isa = PBXFileReference; lastKnownFileType = text.plist.xml; path = Info.plist; sourceTree = "<group>"; };
		2AA9C1C523B79DA900B3E4A4 /* Briscola-MultiplayerTests.xctest */ = {isa = PBXFileReference; explicitFileType = wrapper.cfbundle; includeInIndex = 0; path = "Briscola-MultiplayerTests.xctest"; sourceTree = BUILT_PRODUCTS_DIR; };
		2AA9C1C923B79DA900B3E4A4 /* Briscola_MultiplayerTests.swift */ = {isa = PBXFileReference; lastKnownFileType = sourcecode.swift; path = Briscola_MultiplayerTests.swift; sourceTree = "<group>"; };
		2AA9C1CB23B79DA900B3E4A4 /* Info.plist */ = {isa = PBXFileReference; lastKnownFileType = text.plist.xml; path = Info.plist; sourceTree = "<group>"; };
		2AA9C1D023B79DA900B3E4A4 /* Briscola-MultiplayerUITests.xctest */ = {isa = PBXFileReference; explicitFileType = wrapper.cfbundle; includeInIndex = 0; path = "Briscola-MultiplayerUITests.xctest"; sourceTree = BUILT_PRODUCTS_DIR; };
		2AA9C1D423B79DA900B3E4A4 /* Briscola_MultiplayerUITests.swift */ = {isa = PBXFileReference; lastKnownFileType = sourcecode.swift; path = Briscola_MultiplayerUITests.swift; sourceTree = "<group>"; };
		2AA9C1D623B79DA900B3E4A4 /* Info.plist */ = {isa = PBXFileReference; lastKnownFileType = text.plist.xml; path = Info.plist; sourceTree = "<group>"; };
		2AA9C1E923B7A3FD00B3E4A4 /* Card.swift */ = {isa = PBXFileReference; lastKnownFileType = sourcecode.swift; path = Card.swift; sourceTree = "<group>"; };
		2AA9C1EB23B7A40700B3E4A4 /* Game.swift */ = {isa = PBXFileReference; lastKnownFileType = sourcecode.swift; path = Game.swift; sourceTree = "<group>"; };
		2AA9C1ED23B7A47800B3E4A4 /* Loader.swift */ = {isa = PBXFileReference; lastKnownFileType = sourcecode.swift; path = Loader.swift; sourceTree = "<group>"; };
		2AA9C1EF23B7A4F300B3E4A4 /* Handler.swift */ = {isa = PBXFileReference; lastKnownFileType = sourcecode.swift; path = Handler.swift; sourceTree = "<group>"; };
		2AA9C1F423B7CED400B3E4A4 /* Player.swift */ = {isa = PBXFileReference; lastKnownFileType = sourcecode.swift; path = Player.swift; sourceTree = "<group>"; };
/* End PBXFileReference section */

/* Begin PBXFrameworksBuildPhase section */
		2AA9C1AC23B79DA400B3E4A4 /* Frameworks */ = {
			isa = PBXFrameworksBuildPhase;
			buildActionMask = 2147483647;
			files = (
			);
			runOnlyForDeploymentPostprocessing = 0;
		};
		2AA9C1C223B79DA900B3E4A4 /* Frameworks */ = {
			isa = PBXFrameworksBuildPhase;
			buildActionMask = 2147483647;
			files = (
			);
			runOnlyForDeploymentPostprocessing = 0;
		};
		2AA9C1CD23B79DA900B3E4A4 /* Frameworks */ = {
			isa = PBXFrameworksBuildPhase;
			buildActionMask = 2147483647;
			files = (
			);
			runOnlyForDeploymentPostprocessing = 0;
		};
/* End PBXFrameworksBuildPhase section */

/* Begin PBXGroup section */
		2AA9C1A623B79DA400B3E4A4 = {
			isa = PBXGroup;
			children = (
				2AA9C1B123B79DA400B3E4A4 /* Briscola-Multiplayer */,
				2AA9C1C823B79DA900B3E4A4 /* Briscola-MultiplayerTests */,
				2AA9C1D323B79DA900B3E4A4 /* Briscola-MultiplayerUITests */,
				2AA9C1B023B79DA400B3E4A4 /* Products */,
			);
			sourceTree = "<group>";
		};
		2AA9C1B023B79DA400B3E4A4 /* Products */ = {
			isa = PBXGroup;
			children = (
				2AA9C1AF23B79DA400B3E4A4 /* Briscola-Multiplayer.app */,
				2AA9C1C523B79DA900B3E4A4 /* Briscola-MultiplayerTests.xctest */,
				2AA9C1D023B79DA900B3E4A4 /* Briscola-MultiplayerUITests.xctest */,
			);
			name = Products;
			sourceTree = "<group>";
		};
		2AA9C1B123B79DA400B3E4A4 /* Briscola-Multiplayer */ = {
			isa = PBXGroup;
			children = (
				2AA9C1E623B7A3E200B3E4A4 /* Game */,
				2AA9C1E523B7A3D700B3E4A4 /* Model */,
				2AA9C1E423B79F6500B3E4A4 /* Delegate */,
				2AA9C1E323B79F2F00B3E4A4 /* Controller */,
				2AA9C1E223B79F2400B3E4A4 /* Storyboard */,
				2AA9C1BB23B79DA800B3E4A4 /* Assets.xcassets */,
				2AA9C1C023B79DA800B3E4A4 /* Info.plist */,
			);
			path = "Briscola-Multiplayer";
			sourceTree = "<group>";
		};
		2AA9C1C823B79DA900B3E4A4 /* Briscola-MultiplayerTests */ = {
			isa = PBXGroup;
			children = (
				2AA9C1C923B79DA900B3E4A4 /* Briscola_MultiplayerTests.swift */,
				2AA9C1CB23B79DA900B3E4A4 /* Info.plist */,
			);
			path = "Briscola-MultiplayerTests";
			sourceTree = "<group>";
		};
		2AA9C1D323B79DA900B3E4A4 /* Briscola-MultiplayerUITests */ = {
			isa = PBXGroup;
			children = (
				2AA9C1D423B79DA900B3E4A4 /* Briscola_MultiplayerUITests.swift */,
				2AA9C1D623B79DA900B3E4A4 /* Info.plist */,
			);
			path = "Briscola-MultiplayerUITests";
			sourceTree = "<group>";
		};
		2AA9C1E223B79F2400B3E4A4 /* Storyboard */ = {
			isa = PBXGroup;
			children = (
				2AA9C1BD23B79DA800B3E4A4 /* LaunchScreen.storyboard */,
				2AA9C1B823B79DA400B3E4A4 /* Main.storyboard */,
			);
			path = Storyboard;
			sourceTree = "<group>";
		};
		2AA9C1E323B79F2F00B3E4A4 /* Controller */ = {
			isa = PBXGroup;
			children = (
				2AA9C1B623B79DA400B3E4A4 /* ViewController.swift */,
			);
			path = Controller;
			sourceTree = "<group>";
		};
		2AA9C1E423B79F6500B3E4A4 /* Delegate */ = {
			isa = PBXGroup;
			children = (
				2AA9C1B223B79DA400B3E4A4 /* AppDelegate.swift */,
				2AA9C1B423B79DA400B3E4A4 /* SceneDelegate.swift */,
			);
			path = Delegate;
			sourceTree = "<group>";
		};
		2AA9C1E523B7A3D700B3E4A4 /* Model */ = {
			isa = PBXGroup;
			children = (
				2AA9C1E923B7A3FD00B3E4A4 /* Card.swift */,
				2AA9C1EB23B7A40700B3E4A4 /* Game.swift */,
				2AA9C1F423B7CED400B3E4A4 /* Player.swift */,
			);
			path = Model;
			sourceTree = "<group>";
		};
		2AA9C1E623B7A3E200B3E4A4 /* Game */ = {
			isa = PBXGroup;
			children = (
				2AA9C1ED23B7A47800B3E4A4 /* Loader.swift */,
				2AA9C1EF23B7A4F300B3E4A4 /* Handler.swift */,
			);
			path = Game;
			sourceTree = "<group>";
		};
/* End PBXGroup section */

/* Begin PBXNativeTarget section */
		2AA9C1AE23B79DA400B3E4A4 /* Briscola-Multiplayer */ = {
			isa = PBXNativeTarget;
			buildConfigurationList = 2AA9C1D923B79DA900B3E4A4 /* Build configuration list for PBXNativeTarget "Briscola-Multiplayer" */;
			buildPhases = (
				2AA9C1AB23B79DA400B3E4A4 /* Sources */,
				2AA9C1AC23B79DA400B3E4A4 /* Frameworks */,
				2AA9C1AD23B79DA400B3E4A4 /* Resources */,
			);
			buildRules = (
			);
			dependencies = (
			);
			name = "Briscola-Multiplayer";
			productName = "Briscola-Multiplayer";
			productReference = 2AA9C1AF23B79DA400B3E4A4 /* Briscola-Multiplayer.app */;
			productType = "com.apple.product-type.application";
		};
		2AA9C1C423B79DA900B3E4A4 /* Briscola-MultiplayerTests */ = {
			isa = PBXNativeTarget;
			buildConfigurationList = 2AA9C1DC23B79DA900B3E4A4 /* Build configuration list for PBXNativeTarget "Briscola-MultiplayerTests" */;
			buildPhases = (
				2AA9C1C123B79DA900B3E4A4 /* Sources */,
				2AA9C1C223B79DA900B3E4A4 /* Frameworks */,
				2AA9C1C323B79DA900B3E4A4 /* Resources */,
			);
			buildRules = (
			);
			dependencies = (
				2AA9C1C723B79DA900B3E4A4 /* PBXTargetDependency */,
			);
			name = "Briscola-MultiplayerTests";
			productName = "Briscola-MultiplayerTests";
			productReference = 2AA9C1C523B79DA900B3E4A4 /* Briscola-MultiplayerTests.xctest */;
			productType = "com.apple.product-type.bundle.unit-test";
		};
		2AA9C1CF23B79DA900B3E4A4 /* Briscola-MultiplayerUITests */ = {
			isa = PBXNativeTarget;
			buildConfigurationList = 2AA9C1DF23B79DA900B3E4A4 /* Build configuration list for PBXNativeTarget "Briscola-MultiplayerUITests" */;
			buildPhases = (
				2AA9C1CC23B79DA900B3E4A4 /* Sources */,
				2AA9C1CD23B79DA900B3E4A4 /* Frameworks */,
				2AA9C1CE23B79DA900B3E4A4 /* Resources */,
			);
			buildRules = (
			);
			dependencies = (
				2AA9C1D223B79DA900B3E4A4 /* PBXTargetDependency */,
			);
			name = "Briscola-MultiplayerUITests";
			productName = "Briscola-MultiplayerUITests";
			productReference = 2AA9C1D023B79DA900B3E4A4 /* Briscola-MultiplayerUITests.xctest */;
			productType = "com.apple.product-type.bundle.ui-testing";
		};
/* End PBXNativeTarget section */

/* Begin PBXProject section */
		2AA9C1A723B79DA400B3E4A4 /* Project object */ = {
			isa = PBXProject;
			attributes = {
				LastSwiftUpdateCheck = 1120;
				LastUpgradeCheck = 1120;
				ORGANIZATIONNAME = "Matteo Conti";
				TargetAttributes = {
					2AA9C1AE23B79DA400B3E4A4 = {
						CreatedOnToolsVersion = 11.2.1;
					};
					2AA9C1C423B79DA900B3E4A4 = {
						CreatedOnToolsVersion = 11.2.1;
						TestTargetID = 2AA9C1AE23B79DA400B3E4A4;
					};
					2AA9C1CF23B79DA900B3E4A4 = {
						CreatedOnToolsVersion = 11.2.1;
						TestTargetID = 2AA9C1AE23B79DA400B3E4A4;
					};
				};
			};
			buildConfigurationList = 2AA9C1AA23B79DA400B3E4A4 /* Build configuration list for PBXProject "Briscola-Multiplayer" */;
			compatibilityVersion = "Xcode 9.3";
			developmentRegion = en;
			hasScannedForEncodings = 0;
			knownRegions = (
				en,
				Base,
			);
			mainGroup = 2AA9C1A623B79DA400B3E4A4;
			productRefGroup = 2AA9C1B023B79DA400B3E4A4 /* Products */;
			projectDirPath = "";
			projectRoot = "";
			targets = (
				2AA9C1AE23B79DA400B3E4A4 /* Briscola-Multiplayer */,
				2AA9C1C423B79DA900B3E4A4 /* Briscola-MultiplayerTests */,
				2AA9C1CF23B79DA900B3E4A4 /* Briscola-MultiplayerUITests */,
			);
		};
/* End PBXProject section */

/* Begin PBXResourcesBuildPhase section */
		2AA9C1AD23B79DA400B3E4A4 /* Resources */ = {
			isa = PBXResourcesBuildPhase;
			buildActionMask = 2147483647;
			files = (
				2AA9C1BF23B79DA800B3E4A4 /* LaunchScreen.storyboard in Resources */,
				2AA9C1BC23B79DA800B3E4A4 /* Assets.xcassets in Resources */,
				2AA9C1BA23B79DA400B3E4A4 /* Main.storyboard in Resources */,
			);
			runOnlyForDeploymentPostprocessing = 0;
		};
		2AA9C1C323B79DA900B3E4A4 /* Resources */ = {
			isa = PBXResourcesBuildPhase;
			buildActionMask = 2147483647;
			files = (
			);
			runOnlyForDeploymentPostprocessing = 0;
		};
		2AA9C1CE23B79DA900B3E4A4 /* Resources */ = {
			isa = PBXResourcesBuildPhase;
			buildActionMask = 2147483647;
			files = (
			);
			runOnlyForDeploymentPostprocessing = 0;
		};
/* End PBXResourcesBuildPhase section */

/* Begin PBXSourcesBuildPhase section */
		2AA9C1AB23B79DA400B3E4A4 /* Sources */ = {
			isa = PBXSourcesBuildPhase;
			buildActionMask = 2147483647;
			files = (
				2AA9C1EC23B7A40700B3E4A4 /* Game.swift in Sources */,
				2AA9C1B723B79DA400B3E4A4 /* ViewController.swift in Sources */,
				2AA9C1EA23B7A3FD00B3E4A4 /* Card.swift in Sources */,
				2AA9C1B323B79DA400B3E4A4 /* AppDelegate.swift in Sources */,
				2AA9C1F523B7CED400B3E4A4 /* Player.swift in Sources */,
				2AA9C1F023B7A4F300B3E4A4 /* Handler.swift in Sources */,
				2AA9C1EE23B7A47800B3E4A4 /* Loader.swift in Sources */,
				2AA9C1B523B79DA400B3E4A4 /* SceneDelegate.swift in Sources */,
			);
			runOnlyForDeploymentPostprocessing = 0;
		};
		2AA9C1C123B79DA900B3E4A4 /* Sources */ = {
			isa = PBXSourcesBuildPhase;
			buildActionMask = 2147483647;
			files = (
				2AA9C1CA23B79DA900B3E4A4 /* Briscola_MultiplayerTests.swift in Sources */,
			);
			runOnlyForDeploymentPostprocessing = 0;
		};
		2AA9C1CC23B79DA900B3E4A4 /* Sources */ = {
			isa = PBXSourcesBuildPhase;
			buildActionMask = 2147483647;
			files = (
				2AA9C1D523B79DA900B3E4A4 /* Briscola_MultiplayerUITests.swift in Sources */,
			);
			runOnlyForDeploymentPostprocessing = 0;
		};
/* End PBXSourcesBuildPhase section */

/* Begin PBXTargetDependency section */
		2AA9C1C723B79DA900B3E4A4 /* PBXTargetDependency */ = {
			isa = PBXTargetDependency;
			target = 2AA9C1AE23B79DA400B3E4A4 /* Briscola-Multiplayer */;
			targetProxy = 2AA9C1C623B79DA900B3E4A4 /* PBXContainerItemProxy */;
		};
		2AA9C1D223B79DA900B3E4A4 /* PBXTargetDependency */ = {
			isa = PBXTargetDependency;
			target = 2AA9C1AE23B79DA400B3E4A4 /* Briscola-Multiplayer */;
			targetProxy = 2AA9C1D123B79DA900B3E4A4 /* PBXContainerItemProxy */;
		};
/* End PBXTargetDependency section */

/* Begin PBXVariantGroup section */
		2AA9C1B823B79DA400B3E4A4 /* Main.storyboard */ = {
			isa = PBXVariantGroup;
			children = (
				2AA9C1B923B79DA400B3E4A4 /* Base */,
			);
			name = Main.storyboard;
			sourceTree = "<group>";
		};
		2AA9C1BD23B79DA800B3E4A4 /* LaunchScreen.storyboard */ = {
			isa = PBXVariantGroup;
			children = (
				2AA9C1BE23B79DA800B3E4A4 /* Base */,
			);
			name = LaunchScreen.storyboard;
			sourceTree = "<group>";
		};
/* End PBXVariantGroup section */

/* Begin XCBuildConfiguration section */
		2AA9C1D723B79DA900B3E4A4 /* Debug */ = {
			isa = XCBuildConfiguration;
			buildSettings = {
				ALWAYS_SEARCH_USER_PATHS = NO;
				CLANG_ANALYZER_NONNULL = YES;
				CLANG_ANALYZER_NUMBER_OBJECT_CONVERSION = YES_AGGRESSIVE;
				CLANG_CXX_LANGUAGE_STANDARD = "gnu++14";
				CLANG_CXX_LIBRARY = "libc++";
				CLANG_ENABLE_MODULES = YES;
				CLANG_ENABLE_OBJC_ARC = YES;
				CLANG_ENABLE_OBJC_WEAK = YES;
				CLANG_WARN_BLOCK_CAPTURE_AUTORELEASING = YES;
				CLANG_WARN_BOOL_CONVERSION = YES;
				CLANG_WARN_COMMA = YES;
				CLANG_WARN_CONSTANT_CONVERSION = YES;
				CLANG_WARN_DEPRECATED_OBJC_IMPLEMENTATIONS = YES;
				CLANG_WARN_DIRECT_OBJC_ISA_USAGE = YES_ERROR;
				CLANG_WARN_DOCUMENTATION_COMMENTS = YES;
				CLANG_WARN_EMPTY_BODY = YES;
				CLANG_WARN_ENUM_CONVERSION = YES;
				CLANG_WARN_INFINITE_RECURSION = YES;
				CLANG_WARN_INT_CONVERSION = YES;
				CLANG_WARN_NON_LITERAL_NULL_CONVERSION = YES;
				CLANG_WARN_OBJC_IMPLICIT_RETAIN_SELF = YES;
				CLANG_WARN_OBJC_LITERAL_CONVERSION = YES;
				CLANG_WARN_OBJC_ROOT_CLASS = YES_ERROR;
				CLANG_WARN_RANGE_LOOP_ANALYSIS = YES;
				CLANG_WARN_STRICT_PROTOTYPES = YES;
				CLANG_WARN_SUSPICIOUS_MOVE = YES;
				CLANG_WARN_UNGUARDED_AVAILABILITY = YES_AGGRESSIVE;
				CLANG_WARN_UNREACHABLE_CODE = YES;
				CLANG_WARN__DUPLICATE_METHOD_MATCH = YES;
				COPY_PHASE_STRIP = NO;
				DEBUG_INFORMATION_FORMAT = dwarf;
				ENABLE_STRICT_OBJC_MSGSEND = YES;
				ENABLE_TESTABILITY = YES;
				GCC_C_LANGUAGE_STANDARD = gnu11;
				GCC_DYNAMIC_NO_PIC = NO;
				GCC_NO_COMMON_BLOCKS = YES;
				GCC_OPTIMIZATION_LEVEL = 0;
				GCC_PREPROCESSOR_DEFINITIONS = (
					"DEBUG=1",
					"$(inherited)",
				);
				GCC_WARN_64_TO_32_BIT_CONVERSION = YES;
				GCC_WARN_ABOUT_RETURN_TYPE = YES_ERROR;
				GCC_WARN_UNDECLARED_SELECTOR = YES;
				GCC_WARN_UNINITIALIZED_AUTOS = YES_AGGRESSIVE;
				GCC_WARN_UNUSED_FUNCTION = YES;
				GCC_WARN_UNUSED_VARIABLE = YES;
				IPHONEOS_DEPLOYMENT_TARGET = 13.2;
				MTL_ENABLE_DEBUG_INFO = INCLUDE_SOURCE;
				MTL_FAST_MATH = YES;
				ONLY_ACTIVE_ARCH = YES;
				SDKROOT = iphoneos;
				SWIFT_ACTIVE_COMPILATION_CONDITIONS = DEBUG;
				SWIFT_OPTIMIZATION_LEVEL = "-Onone";
			};
			name = Debug;
		};
		2AA9C1D823B79DA900B3E4A4 /* Release */ = {
			isa = XCBuildConfiguration;
			buildSettings = {
				ALWAYS_SEARCH_USER_PATHS = NO;
				CLANG_ANALYZER_NONNULL = YES;
				CLANG_ANALYZER_NUMBER_OBJECT_CONVERSION = YES_AGGRESSIVE;
				CLANG_CXX_LANGUAGE_STANDARD = "gnu++14";
				CLANG_CXX_LIBRARY = "libc++";
				CLANG_ENABLE_MODULES = YES;
				CLANG_ENABLE_OBJC_ARC = YES;
				CLANG_ENABLE_OBJC_WEAK = YES;
				CLANG_WARN_BLOCK_CAPTURE_AUTORELEASING = YES;
				CLANG_WARN_BOOL_CONVERSION = YES;
				CLANG_WARN_COMMA = YES;
				CLANG_WARN_CONSTANT_CONVERSION = YES;
				CLANG_WARN_DEPRECATED_OBJC_IMPLEMENTATIONS = YES;
				CLANG_WARN_DIRECT_OBJC_ISA_USAGE = YES_ERROR;
				CLANG_WARN_DOCUMENTATION_COMMENTS = YES;
				CLANG_WARN_EMPTY_BODY = YES;
				CLANG_WARN_ENUM_CONVERSION = YES;
				CLANG_WARN_INFINITE_RECURSION = YES;
				CLANG_WARN_INT_CONVERSION = YES;
				CLANG_WARN_NON_LITERAL_NULL_CONVERSION = YES;
				CLANG_WARN_OBJC_IMPLICIT_RETAIN_SELF = YES;
				CLANG_WARN_OBJC_LITERAL_CONVERSION = YES;
				CLANG_WARN_OBJC_ROOT_CLASS = YES_ERROR;
				CLANG_WARN_RANGE_LOOP_ANALYSIS = YES;
				CLANG_WARN_STRICT_PROTOTYPES = YES;
				CLANG_WARN_SUSPICIOUS_MOVE = YES;
				CLANG_WARN_UNGUARDED_AVAILABILITY = YES_AGGRESSIVE;
				CLANG_WARN_UNREACHABLE_CODE = YES;
				CLANG_WARN__DUPLICATE_METHOD_MATCH = YES;
				COPY_PHASE_STRIP = NO;
				DEBUG_INFORMATION_FORMAT = "dwarf-with-dsym";
				ENABLE_NS_ASSERTIONS = NO;
				ENABLE_STRICT_OBJC_MSGSEND = YES;
				GCC_C_LANGUAGE_STANDARD = gnu11;
				GCC_NO_COMMON_BLOCKS = YES;
				GCC_WARN_64_TO_32_BIT_CONVERSION = YES;
				GCC_WARN_ABOUT_RETURN_TYPE = YES_ERROR;
				GCC_WARN_UNDECLARED_SELECTOR = YES;
				GCC_WARN_UNINITIALIZED_AUTOS = YES_AGGRESSIVE;
				GCC_WARN_UNUSED_FUNCTION = YES;
				GCC_WARN_UNUSED_VARIABLE = YES;
				IPHONEOS_DEPLOYMENT_TARGET = 13.2;
				MTL_ENABLE_DEBUG_INFO = NO;
				MTL_FAST_MATH = YES;
				SDKROOT = iphoneos;
				SWIFT_COMPILATION_MODE = wholemodule;
				SWIFT_OPTIMIZATION_LEVEL = "-O";
				VALIDATE_PRODUCT = YES;
			};
			name = Release;
		};
		2AA9C1DA23B79DA900B3E4A4 /* Debug */ = {
			isa = XCBuildConfiguration;
			buildSettings = {
				ASSETCATALOG_COMPILER_APPICON_NAME = AppIcon;
				CODE_SIGN_STYLE = Automatic;
				DEVELOPMENT_TEAM = K8Q29R6G2Q;
				INFOPLIST_FILE = "Briscola-Multiplayer/Info.plist";
				IPHONEOS_DEPLOYMENT_TARGET = 13.1;
				LD_RUNPATH_SEARCH_PATHS = (
					"$(inherited)",
					"@executable_path/Frameworks",
				);
				PRODUCT_BUNDLE_IDENTIFIER = com.contimatteo.university.lam.briscola;
				PRODUCT_NAME = "$(TARGET_NAME)";
				SWIFT_VERSION = 5.0;
				TARGETED_DEVICE_FAMILY = "1,2";
			};
			name = Debug;
		};
		2AA9C1DB23B79DA900B3E4A4 /* Release */ = {
			isa = XCBuildConfiguration;
			buildSettings = {
				ASSETCATALOG_COMPILER_APPICON_NAME = AppIcon;
				CODE_SIGN_STYLE = Automatic;
				DEVELOPMENT_TEAM = K8Q29R6G2Q;
				INFOPLIST_FILE = "Briscola-Multiplayer/Info.plist";
				IPHONEOS_DEPLOYMENT_TARGET = 13.1;
				LD_RUNPATH_SEARCH_PATHS = (
					"$(inherited)",
					"@executable_path/Frameworks",
				);
				PRODUCT_BUNDLE_IDENTIFIER = com.contimatteo.university.lam.briscola;
				PRODUCT_NAME = "$(TARGET_NAME)";
				SWIFT_VERSION = 5.0;
				TARGETED_DEVICE_FAMILY = "1,2";
			};
			name = Release;
		};
		2AA9C1DD23B79DA900B3E4A4 /* Debug */ = {
			isa = XCBuildConfiguration;
			buildSettings = {
				ALWAYS_EMBED_SWIFT_STANDARD_LIBRARIES = YES;
				BUNDLE_LOADER = "$(TEST_HOST)";
				CODE_SIGN_STYLE = Automatic;
				DEVELOPMENT_TEAM = K8Q29R6G2Q;
				INFOPLIST_FILE = "Briscola-MultiplayerTests/Info.plist";
				IPHONEOS_DEPLOYMENT_TARGET = 13.2;
				LD_RUNPATH_SEARCH_PATHS = (
					"$(inherited)",
					"@executable_path/Frameworks",
					"@loader_path/Frameworks",
				);
				PRODUCT_BUNDLE_IDENTIFIER = "com.contimatteo.university.lam.briscola.Briscola-MultiplayerTests";
				PRODUCT_NAME = "$(TARGET_NAME)";
				SWIFT_VERSION = 5.0;
				TARGETED_DEVICE_FAMILY = "1,2";
				TEST_HOST = "$(BUILT_PRODUCTS_DIR)/Briscola-Multiplayer.app/Briscola-Multiplayer";
			};
			name = Debug;
		};
		2AA9C1DE23B79DA900B3E4A4 /* Release */ = {
			isa = XCBuildConfiguration;
			buildSettings = {
				ALWAYS_EMBED_SWIFT_STANDARD_LIBRARIES = YES;
				BUNDLE_LOADER = "$(TEST_HOST)";
				CODE_SIGN_STYLE = Automatic;
				DEVELOPMENT_TEAM = K8Q29R6G2Q;
				INFOPLIST_FILE = "Briscola-MultiplayerTests/Info.plist";
				IPHONEOS_DEPLOYMENT_TARGET = 13.2;
				LD_RUNPATH_SEARCH_PATHS = (
					"$(inherited)",
					"@executable_path/Frameworks",
					"@loader_path/Frameworks",
				);
				PRODUCT_BUNDLE_IDENTIFIER = "com.contimatteo.university.lam.briscola.Briscola-MultiplayerTests";
				PRODUCT_NAME = "$(TARGET_NAME)";
				SWIFT_VERSION = 5.0;
				TARGETED_DEVICE_FAMILY = "1,2";
				TEST_HOST = "$(BUILT_PRODUCTS_DIR)/Briscola-Multiplayer.app/Briscola-Multiplayer";
			};
			name = Release;
		};
		2AA9C1E023B79DA900B3E4A4 /* Debug */ = {
			isa = XCBuildConfiguration;
			buildSettings = {
				ALWAYS_EMBED_SWIFT_STANDARD_LIBRARIES = YES;
				CODE_SIGN_STYLE = Automatic;
				DEVELOPMENT_TEAM = K8Q29R6G2Q;
				INFOPLIST_FILE = "Briscola-MultiplayerUITests/Info.plist";
				LD_RUNPATH_SEARCH_PATHS = (
					"$(inherited)",
					"@executable_path/Frameworks",
					"@loader_path/Frameworks",
				);
				PRODUCT_BUNDLE_IDENTIFIER = "com.contimatteo.university.lam.briscola.Briscola-MultiplayerUITests";
				PRODUCT_NAME = "$(TARGET_NAME)";
				SWIFT_VERSION = 5.0;
				TARGETED_DEVICE_FAMILY = "1,2";
				TEST_TARGET_NAME = "Briscola-Multiplayer";
			};
			name = Debug;
		};
		2AA9C1E123B79DA900B3E4A4 /* Release */ = {
			isa = XCBuildConfiguration;
			buildSettings = {
				ALWAYS_EMBED_SWIFT_STANDARD_LIBRARIES = YES;
				CODE_SIGN_STYLE = Automatic;
				DEVELOPMENT_TEAM = K8Q29R6G2Q;
				INFOPLIST_FILE = "Briscola-MultiplayerUITests/Info.plist";
				LD_RUNPATH_SEARCH_PATHS = (
					"$(inherited)",
					"@executable_path/Frameworks",
					"@loader_path/Frameworks",
				);
				PRODUCT_BUNDLE_IDENTIFIER = "com.contimatteo.university.lam.briscola.Briscola-MultiplayerUITests";
				PRODUCT_NAME = "$(TARGET_NAME)";
				SWIFT_VERSION = 5.0;
				TARGETED_DEVICE_FAMILY = "1,2";
				TEST_TARGET_NAME = "Briscola-Multiplayer";
			};
			name = Release;
		};
/* End XCBuildConfiguration section */

/* Begin XCConfigurationList section */
		2AA9C1AA23B79DA400B3E4A4 /* Build configuration list for PBXProject "Briscola-Multiplayer" */ = {
			isa = XCConfigurationList;
			buildConfigurations = (
				2AA9C1D723B79DA900B3E4A4 /* Debug */,
				2AA9C1D823B79DA900B3E4A4 /* Release */,
			);
			defaultConfigurationIsVisible = 0;
			defaultConfigurationName = Release;
		};
		2AA9C1D923B79DA900B3E4A4 /* Build configuration list for PBXNativeTarget "Briscola-Multiplayer" */ = {
			isa = XCConfigurationList;
			buildConfigurations = (
				2AA9C1DA23B79DA900B3E4A4 /* Debug */,
				2AA9C1DB23B79DA900B3E4A4 /* Release */,
			);
			defaultConfigurationIsVisible = 0;
			defaultConfigurationName = Release;
		};
		2AA9C1DC23B79DA900B3E4A4 /* Build configuration list for PBXNativeTarget "Briscola-MultiplayerTests" */ = {
			isa = XCConfigurationList;
			buildConfigurations = (
				2AA9C1DD23B79DA900B3E4A4 /* Debug */,
				2AA9C1DE23B79DA900B3E4A4 /* Release */,
			);
			defaultConfigurationIsVisible = 0;
			defaultConfigurationName = Release;
		};
		2AA9C1DF23B79DA900B3E4A4 /* Build configuration list for PBXNativeTarget "Briscola-MultiplayerUITests" */ = {
			isa = XCConfigurationList;
			buildConfigurations = (
				2AA9C1E023B79DA900B3E4A4 /* Debug */,
				2AA9C1E123B79DA900B3E4A4 /* Release */,
			);
			defaultConfigurationIsVisible = 0;
			defaultConfigurationName = Release;
		};
/* End XCConfigurationList section */
	};
	rootObject = 2AA9C1A723B79DA400B3E4A4 /* Project object */;
}
